{
  "name": "311",
  "lockfileVersion": 2,
  "requires": true,
  "packages": {
    "": {
      "dependencies": {
        "net": "^1.0.2",
        "readline": "^1.3.0",
        "redline": "^1.0.1"
      }
    },
    "node_modules/jquery": {
      "version": "2.2.4",
      "resolved": "https://registry.npmjs.org/jquery/-/jquery-2.2.4.tgz",
      "integrity": "sha1-LInWiJterFIqfuoywUUhVZxsvwI="
    },
    "node_modules/jquery-bridget": {
      "version": "1.1.0",
      "resolved": "https://registry.npmjs.org/jquery-bridget/-/jquery-bridget-1.1.0.tgz",
      "integrity": "sha1-0F26wptmC3KJOcrjo+whmGbYUTk=",
      "dependencies": {
        "jquery": ">=1.4.2 <3"
      }
    },
    "node_modules/net": {
      "version": "1.0.2",
      "resolved": "https://registry.npmjs.org/net/-/net-1.0.2.tgz",
      "integrity": "sha1-0XV+yaf7I3HYPPR1XOPifhCCk4g="
    },
    "node_modules/readline": {
      "version": "1.3.0",
      "resolved": "https://registry.npmjs.org/readline/-/readline-1.3.0.tgz",
      "integrity": "sha1-xYDXfvLPyHUrEySYBg3JeTp6wBw="
    },
    "node_modules/redline": {
      "version": "1.0.1",
      "resolved": "https://registry.npmjs.org/redline/-/redline-1.0.1.tgz",
      "integrity": "sha1-jHdkhoal3DuPZ8ByqU0JWAfuTC8=",
      "dependencies": {
        "jquery-bridget": "^1.1.0"
      }
    }
  },
  "dependencies": {
    "jquery": {
      "version": "2.2.4",
      "resolved": "https://registry.npmjs.org/jquery/-/jquery-2.2.4.tgz",
      "integrity": "sha1-LInWiJterFIqfuoywUUhVZxsvwI="
    },
    "jquery-bridget": {
      "version": "1.1.0",
      "resolved": "https://registry.npmjs.org/jquery-bridget/-/jquery-bridget-1.1.0.tgz",
      "integrity": "sha1-0F26wptmC3KJOcrjo+whmGbYUTk=",
      "requires": {
        "jquery": ">=1.4.2 <3"
      }
    },
    "net": {
      "version": "1.0.2",
      "resolved": "https://registry.npmjs.org/net/-/net-1.0.2.tgz",
      "integrity": "sha1-0XV+yaf7I3HYPPR1XOPifhCCk4g="
    },
    "readline": {
      "version": "1.3.0",
      "resolved": "https://registry.npmjs.org/readline/-/readline-1.3.0.tgz",
      "integrity": "sha1-xYDXfvLPyHUrEySYBg3JeTp6wBw="
    },
    "redline": {
      "version": "1.0.1",
      "resolved": "https://registry.npmjs.org/redline/-/redline-1.0.1.tgz",
      "integrity": "sha1-jHdkhoal3DuPZ8ByqU0JWAfuTC8=",
      "requires": {
        "jquery-bridget": "^1.1.0"
      }
    }
  }
}
